
Microsoft Visual Studio Solution File, Format Version 12.00
# Visual Studio Version 16
VisualStudioVersion = 16.0.32228.343
MinimumVisualStudioVersion = 10.0.40219.1
Project("{FAE04EC0-301F-11D3-BF4B-00C04F79EFBC}") = "ProyectoNotas", "ProyectoNotas.csproj", "{26A526CC-03C9-4966-A210-17585E77E463}"
EndProject
Project("{FAE04EC0-301F-11D3-BF4B-00C04F79EFBC}") = "PruebaNotas2", "..\PruebaNotas2\PruebaNotas2.csproj", "{3538568C-D6EB-4128-A62C-C1849F4FDE0A}"
EndProject
Global
	GlobalSection(SolutionConfigurationPlatforms) = preSolution
		Debug|Any CPU = Debug|Any CPU
		Release|Any CPU = Release|Any CPU
	EndGlobalSection
	GlobalSection(ProjectConfigurationPlatforms) = postSolution
		{26A526CC-03C9-4966-A210-17585E77E463}.Debug|Any CPU.ActiveCfg = Debug|Any CPU
		{26A526CC-03C9-4966-A210-17585E77E463}.Debug|Any CPU.Build.0 = Debug|Any CPU
		{26A526CC-03C9-4966-A210-17585E77E463}.Release|Any CPU.ActiveCfg = Release|Any CPU
		{26A526CC-03C9-4966-A210-17585E77E463}.Release|Any CPU.Build.0 = Release|Any CPU
		{3538568C-D6EB-4128-A62C-C1849F4FDE0A}.Debug|Any CPU.ActiveCfg = Debug|Any CPU
		{3538568C-D6EB-4128-A62C-C1849F4FDE0A}.Debug|Any CPU.Build.0 = Debug|Any CPU
		{3538568C-D6EB-4128-A62C-C1849F4FDE0A}.Release|Any CPU.ActiveCfg = Release|Any CPU
		{3538568C-D6EB-4128-A62C-C1849F4FDE0A}.Release|Any CPU.Build.0 = Release|Any CPU
	EndGlobalSection
	GlobalSection(SolutionProperties) = preSolution
		HideSolutionNode = FALSE
	EndGlobalSection
	GlobalSection(ExtensibilityGlobals) = postSolution
		SolutionGuid = {4E69AFBD-C843-40E8-955F-A3DA7BDD3169}
	EndGlobalSection
EndGlobal
